// !$*UTF8*$!
{
	archiveVersion = 1;
	classes = {
	};
	objectVersion = 56;
	objects = {

/* Begin PBXBuildFile section */
		D3864E882A4F170400B933E9 /* TeletrixService.swift in Sources */ = {isa = PBXBuildFile; fileRef = D3864E872A4F170400B933E9 /* TeletrixService.swift */; };
		D3864E8A2A4F1CA000B933E9 /* LoginView.swift in Sources */ = {isa = PBXBuildFile; fileRef = D3864E892A4F1CA000B933E9 /* LoginView.swift */; };
		D3A166422A4F135800B47BBF /* TeletrixApp.swift in Sources */ = {isa = PBXBuildFile; fileRef = D3A166412A4F135800B47BBF /* TeletrixApp.swift */; };
		D3A166442A4F135800B47BBF /* ContentView.swift in Sources */ = {isa = PBXBuildFile; fileRef = D3A166432A4F135800B47BBF /* ContentView.swift */; };
		D3A166462A4F135A00B47BBF /* Assets.xcassets in Resources */ = {isa = PBXBuildFile; fileRef = D3A166452A4F135A00B47BBF /* Assets.xcassets */; };
		D3A166512A4F143700B47BBF /* MatrixRustSDK in Frameworks */ = {isa = PBXBuildFile; productRef = D3A166502A4F143700B47BBF /* MatrixRustSDK */; };
		D3BC069B2A50618F004F2C43 /* KeychainAccess in Frameworks */ = {isa = PBXBuildFile; productRef = D3BC069A2A50618F004F2C43 /* KeychainAccess */; };
		D3BC069E2A5064E7004F2C43 /* Session+Keychain.swift in Sources */ = {isa = PBXBuildFile; fileRef = D3BC069D2A5064E7004F2C43 /* Session+Keychain.swift */; };
/* End PBXBuildFile section */

/* Begin PBXFileReference section */
		D3864E872A4F170400B933E9 /* TeletrixService.swift */ = {isa = PBXFileReference; lastKnownFileType = sourcecode.swift; path = TeletrixService.swift; sourceTree = "<group>"; };
		D3864E892A4F1CA000B933E9 /* LoginView.swift */ = {isa = PBXFileReference; lastKnownFileType = sourcecode.swift; path = LoginView.swift; sourceTree = "<group>"; };
		D3A1663E2A4F135800B47BBF /* Teletrix.app */ = {isa = PBXFileReference; explicitFileType = wrapper.application; includeInIndex = 0; path = Teletrix.app; sourceTree = BUILT_PRODUCTS_DIR; };
		D3A166412A4F135800B47BBF /* TeletrixApp.swift */ = {isa = PBXFileReference; lastKnownFileType = sourcecode.swift; path = TeletrixApp.swift; sourceTree = "<group>"; };
		D3A166432A4F135800B47BBF /* ContentView.swift */ = {isa = PBXFileReference; lastKnownFileType = sourcecode.swift; path = ContentView.swift; sourceTree = "<group>"; };
		D3A166452A4F135A00B47BBF /* Assets.xcassets */ = {isa = PBXFileReference; lastKnownFileType = folder.assetcatalog; path = Assets.xcassets; sourceTree = "<group>"; };
		D3BC069D2A5064E7004F2C43 /* Session+Keychain.swift */ = {isa = PBXFileReference; lastKnownFileType = sourcecode.swift; path = "Session+Keychain.swift"; sourceTree = "<group>"; };
/* End PBXFileReference section */

/* Begin PBXFrameworksBuildPhase section */
		D3A1663B2A4F135800B47BBF /* Frameworks */ = {
			isa = PBXFrameworksBuildPhase;
			buildActionMask = 2147483647;
			files = (
				D3BC069B2A50618F004F2C43 /* KeychainAccess in Frameworks */,
				D3A166512A4F143700B47BBF /* MatrixRustSDK in Frameworks */,
			);
			runOnlyForDeploymentPostprocessing = 0;
		};
/* End PBXFrameworksBuildPhase section */

/* Begin PBXGroup section */
		D3864E852A4F168700B933E9 /* TeletrixKit */ = {
			isa = PBXGroup;
			children = (
				D3864E872A4F170400B933E9 /* TeletrixService.swift */,
				D3BC069C2A5064C4004F2C43 /* Extensions */,
			);
			path = TeletrixKit;
			sourceTree = "<group>";
		};
		D3864E862A4F16D500B933E9 /* Supporting Files */ = {
			isa = PBXGroup;
			children = (
				D3A166452A4F135A00B47BBF /* Assets.xcassets */,
			);
			path = "Supporting Files";
			sourceTree = "<group>";
		};
		D3A166352A4F135800B47BBF = {
			isa = PBXGroup;
			children = (
				D3A166402A4F135800B47BBF /* Teletrix */,
				D3864E862A4F16D500B933E9 /* Supporting Files */,
				D3A1663F2A4F135800B47BBF /* Products */,
			);
			sourceTree = "<group>";
		};
		D3A1663F2A4F135800B47BBF /* Products */ = {
			isa = PBXGroup;
			children = (
				D3A1663E2A4F135800B47BBF /* Teletrix.app */,
			);
			name = Products;
			sourceTree = "<group>";
		};
		D3A166402A4F135800B47BBF /* Teletrix */ = {
			isa = PBXGroup;
			children = (
				D3BC06982A505239004F2C43 /* Authentication */,
				D3A166412A4F135800B47BBF /* TeletrixApp.swift */,
				D3A166432A4F135800B47BBF /* ContentView.swift */,
				D3864E852A4F168700B933E9 /* TeletrixKit */,
			);
			path = Teletrix;
			sourceTree = "<group>";
		};
		D3BC06982A505239004F2C43 /* Authentication */ = {
			isa = PBXGroup;
			children = (
				D3864E892A4F1CA000B933E9 /* LoginView.swift */,
			);
			path = Authentication;
			sourceTree = "<group>";
		};
		D3BC069C2A5064C4004F2C43 /* Extensions */ = {
			isa = PBXGroup;
			children = (
				D3BC069D2A5064E7004F2C43 /* Session+Keychain.swift */,
			);
			path = Extensions;
			sourceTree = "<group>";
		};
/* End PBXGroup section */

/* Begin PBXNativeTarget section */
		D3A1663D2A4F135800B47BBF /* Teletrix */ = {
			isa = PBXNativeTarget;
			buildConfigurationList = D3A1664C2A4F135A00B47BBF /* Build configuration list for PBXNativeTarget "Teletrix" */;
			buildPhases = (
				D3A1663A2A4F135800B47BBF /* Sources */,
				D3A1663B2A4F135800B47BBF /* Frameworks */,
				D3A1663C2A4F135800B47BBF /* Resources */,
			);
			buildRules = (
			);
			dependencies = (
			);
			name = Teletrix;
			packageProductDependencies = (
				D3A166502A4F143700B47BBF /* MatrixRustSDK */,
				D3BC069A2A50618F004F2C43 /* KeychainAccess */,
			);
			productName = Teletrix;
			productReference = D3A1663E2A4F135800B47BBF /* Teletrix.app */;
			productType = "com.apple.product-type.application";
		};
/* End PBXNativeTarget section */

/* Begin PBXProject section */
		D3A166362A4F135800B47BBF /* Project object */ = {
			isa = PBXProject;
			attributes = {
				BuildIndependentTargetsInParallel = 1;
				LastSwiftUpdateCheck = 1430;
				LastUpgradeCheck = 1430;
				TargetAttributes = {
					D3A1663D2A4F135800B47BBF = {
						CreatedOnToolsVersion = 14.3.1;
					};
				};
			};
			buildConfigurationList = D3A166392A4F135800B47BBF /* Build configuration list for PBXProject "Teletrix" */;
			compatibilityVersion = "Xcode 14.0";
			developmentRegion = en;
			hasScannedForEncodings = 0;
			knownRegions = (
				en,
				Base,
			);
			mainGroup = D3A166352A4F135800B47BBF;
			packageReferences = (
				D3A1664F2A4F143700B47BBF /* XCRemoteSwiftPackageReference "matrix-rust-components-swift" */,
				D3BC06992A50618F004F2C43 /* XCRemoteSwiftPackageReference "KeychainAccess" */,
			);
			productRefGroup = D3A1663F2A4F135800B47BBF /* Products */;
			projectDirPath = "";
			projectRoot = "";
			targets = (
				D3A1663D2A4F135800B47BBF /* Teletrix */,
			);
		};
/* End PBXProject section */

/* Begin PBXResourcesBuildPhase section */
		D3A1663C2A4F135800B47BBF /* Resources */ = {
			isa = PBXResourcesBuildPhase;
			buildActionMask = 2147483647;
			files = (
				D3A166462A4F135A00B47BBF /* Assets.xcassets in Resources */,
			);
			runOnlyForDeploymentPostprocessing = 0;
		};
/* End PBXResourcesBuildPhase section */

/* Begin PBXSourcesBuildPhase section */
		D3A1663A2A4F135800B47BBF /* Sources */ = {
			isa = PBXSourcesBuildPhase;
			buildActionMask = 2147483647;
			files = (
				D3864E882A4F170400B933E9 /* TeletrixService.swift in Sources */,
				D3A166442A4F135800B47BBF /* ContentView.swift in Sources */,
				D3BC069E2A5064E7004F2C43 /* Session+Keychain.swift in Sources */,
				D3864E8A2A4F1CA000B933E9 /* LoginView.swift in Sources */,
				D3A166422A4F135800B47BBF /* TeletrixApp.swift in Sources */,
			);
			runOnlyForDeploymentPostprocessing = 0;
		};
/* End PBXSourcesBuildPhase section */

/* Begin XCBuildConfiguration section */
		D3A1664A2A4F135A00B47BBF /* Debug */ = {
			isa = XCBuildConfiguration;
			buildSettings = {
				ALWAYS_SEARCH_USER_PATHS = NO;
				CLANG_ANALYZER_NONNULL = YES;
				CLANG_ANALYZER_NUMBER_OBJECT_CONVERSION = YES_AGGRESSIVE;
				CLANG_CXX_LANGUAGE_STANDARD = "gnu++20";
				CLANG_ENABLE_MODULES = YES;
				CLANG_ENABLE_OBJC_ARC = YES;
				CLANG_ENABLE_OBJC_WEAK = YES;
				CLANG_WARN_BLOCK_CAPTURE_AUTORELEASING = YES;
				CLANG_WARN_BOOL_CONVERSION = YES;
				CLANG_WARN_COMMA = YES;
				CLANG_WARN_CONSTANT_CONVERSION = YES;
				CLANG_WARN_DEPRECATED_OBJC_IMPLEMENTATIONS = YES;
				CLANG_WARN_DIRECT_OBJC_ISA_USAGE = YES_ERROR;
				CLANG_WARN_DOCUMENTATION_COMMENTS = YES;
				CLANG_WARN_EMPTY_BODY = YES;
				CLANG_WARN_ENUM_CONVERSION = YES;
				CLANG_WARN_INFINITE_RECURSION = YES;
				CLANG_WARN_INT_CONVERSION = YES;
				CLANG_WARN_NON_LITERAL_NULL_CONVERSION = YES;
				CLANG_WARN_OBJC_IMPLICIT_RETAIN_SELF = YES;
				CLANG_WARN_OBJC_LITERAL_CONVERSION = YES;
				CLANG_WARN_OBJC_ROOT_CLASS = YES_ERROR;
				CLANG_WARN_QUOTED_INCLUDE_IN_FRAMEWORK_HEADER = YES;
				CLANG_WARN_RANGE_LOOP_ANALYSIS = YES;
				CLANG_WARN_STRICT_PROTOTYPES = YES;
				CLANG_WARN_SUSPICIOUS_MOVE = YES;
				CLANG_WARN_UNGUARDED_AVAILABILITY = YES_AGGRESSIVE;
				CLANG_WARN_UNREACHABLE_CODE = YES;
				CLANG_WARN__DUPLICATE_METHOD_MATCH = YES;
				COPY_PHASE_STRIP = NO;
				DEBUG_INFORMATION_FORMAT = dwarf;
				ENABLE_STRICT_OBJC_MSGSEND = YES;
				ENABLE_TESTABILITY = YES;
				GCC_C_LANGUAGE_STANDARD = gnu11;
				GCC_DYNAMIC_NO_PIC = NO;
				GCC_NO_COMMON_BLOCKS = YES;
				GCC_OPTIMIZATION_LEVEL = 0;
				GCC_PREPROCESSOR_DEFINITIONS = (
					"DEBUG=1",
					"$(inherited)",
				);
				GCC_WARN_64_TO_32_BIT_CONVERSION = YES;
				GCC_WARN_ABOUT_RETURN_TYPE = YES_ERROR;
				GCC_WARN_UNDECLARED_SELECTOR = YES;
				GCC_WARN_UNINITIALIZED_AUTOS = YES_AGGRESSIVE;
				GCC_WARN_UNUSED_FUNCTION = YES;
				GCC_WARN_UNUSED_VARIABLE = YES;
				IPHONEOS_DEPLOYMENT_TARGET = 16.4;
				MTL_ENABLE_DEBUG_INFO = INCLUDE_SOURCE;
				MTL_FAST_MATH = YES;
				ONLY_ACTIVE_ARCH = YES;
				SDKROOT = iphoneos;
				SWIFT_ACTIVE_COMPILATION_CONDITIONS = DEBUG;
				SWIFT_OPTIMIZATION_LEVEL = "-Onone";
			};
			name = Debug;
		};
		D3A1664B2A4F135A00B47BBF /* Release */ = {
			isa = XCBuildConfiguration;
			buildSettings = {
				ALWAYS_SEARCH_USER_PATHS = NO;
				CLANG_ANALYZER_NONNULL = YES;
				CLANG_ANALYZER_NUMBER_OBJECT_CONVERSION = YES_AGGRESSIVE;
				CLANG_CXX_LANGUAGE_STANDARD = "gnu++20";
				CLANG_ENABLE_MODULES = YES;
				CLANG_ENABLE_OBJC_ARC = YES;
				CLANG_ENABLE_OBJC_WEAK = YES;
				CLANG_WARN_BLOCK_CAPTURE_AUTORELEASING = YES;
				CLANG_WARN_BOOL_CONVERSION = YES;
				CLANG_WARN_COMMA = YES;
				CLANG_WARN_CONSTANT_CONVERSION = YES;
				CLANG_WARN_DEPRECATED_OBJC_IMPLEMENTATIONS = YES;
				CLANG_WARN_DIRECT_OBJC_ISA_USAGE = YES_ERROR;
				CLANG_WARN_DOCUMENTATION_COMMENTS = YES;
				CLANG_WARN_EMPTY_BODY = YES;
				CLANG_WARN_ENUM_CONVERSION = YES;
				CLANG_WARN_INFINITE_RECURSION = YES;
				CLANG_WARN_INT_CONVERSION = YES;
				CLANG_WARN_NON_LITERAL_NULL_CONVERSION = YES;
				CLANG_WARN_OBJC_IMPLICIT_RETAIN_SELF = YES;
				CLANG_WARN_OBJC_LITERAL_CONVERSION = YES;
				CLANG_WARN_OBJC_ROOT_CLASS = YES_ERROR;
				CLANG_WARN_QUOTED_INCLUDE_IN_FRAMEWORK_HEADER = YES;
				CLANG_WARN_RANGE_LOOP_ANALYSIS = YES;
				CLANG_WARN_STRICT_PROTOTYPES = YES;
				CLANG_WARN_SUSPICIOUS_MOVE = YES;
				CLANG_WARN_UNGUARDED_AVAILABILITY = YES_AGGRESSIVE;
				CLANG_WARN_UNREACHABLE_CODE = YES;
				CLANG_WARN__DUPLICATE_METHOD_MATCH = YES;
				COPY_PHASE_STRIP = NO;
				DEBUG_INFORMATION_FORMAT = "dwarf-with-dsym";
				ENABLE_NS_ASSERTIONS = NO;
				ENABLE_STRICT_OBJC_MSGSEND = YES;
				GCC_C_LANGUAGE_STANDARD = gnu11;
				GCC_NO_COMMON_BLOCKS = YES;
				GCC_WARN_64_TO_32_BIT_CONVERSION = YES;
				GCC_WARN_ABOUT_RETURN_TYPE = YES_ERROR;
				GCC_WARN_UNDECLARED_SELECTOR = YES;
				GCC_WARN_UNINITIALIZED_AUTOS = YES_AGGRESSIVE;
				GCC_WARN_UNUSED_FUNCTION = YES;
				GCC_WARN_UNUSED_VARIABLE = YES;
				IPHONEOS_DEPLOYMENT_TARGET = 16.4;
				MTL_ENABLE_DEBUG_INFO = NO;
				MTL_FAST_MATH = YES;
				SDKROOT = iphoneos;
				SWIFT_COMPILATION_MODE = wholemodule;
				SWIFT_OPTIMIZATION_LEVEL = "-O";
				VALIDATE_PRODUCT = YES;
			};
			name = Release;
		};
		D3A1664D2A4F135A00B47BBF /* Debug */ = {
			isa = XCBuildConfiguration;
			buildSettings = {
				ASSETCATALOG_COMPILER_APPICON_NAME = AppIcon;
				ASSETCATALOG_COMPILER_GLOBAL_ACCENT_COLOR_NAME = AccentColor;
				CODE_SIGN_STYLE = Automatic;
				CURRENT_PROJECT_VERSION = 1;
				DEVELOPMENT_ASSET_PATHS = "";
				DEVELOPMENT_TEAM = DW8PG2JYW5;
				ENABLE_PREVIEWS = YES;
				GENERATE_INFOPLIST_FILE = YES;
				INFOPLIST_KEY_UIApplicationSceneManifest_Generation = YES;
				INFOPLIST_KEY_UIApplicationSupportsIndirectInputEvents = YES;
				INFOPLIST_KEY_UILaunchScreen_Generation = YES;
				INFOPLIST_KEY_UISupportedInterfaceOrientations_iPad = "UIInterfaceOrientationPortrait UIInterfaceOrientationPortraitUpsideDown UIInterfaceOrientationLandscapeLeft UIInterfaceOrientationLandscapeRight";
				INFOPLIST_KEY_UISupportedInterfaceOrientations_iPhone = "UIInterfaceOrientationPortrait UIInterfaceOrientationLandscapeLeft UIInterfaceOrientationLandscapeRight";
				LD_RUNPATH_SEARCH_PATHS = (
					"$(inherited)",
					"@executable_path/Frameworks",
				);
				MARKETING_VERSION = 0.0.1;
				PRODUCT_BUNDLE_IDENTIFIER = com.brianchang.Teletrix;
				PRODUCT_NAME = "$(TARGET_NAME)";
				SWIFT_EMIT_LOC_STRINGS = YES;
				SWIFT_VERSION = 5.0;
				TARGETED_DEVICE_FAMILY = "1,2";
			};
			name = Debug;
		};
		D3A1664E2A4F135A00B47BBF /* Release */ = {
			isa = XCBuildConfiguration;
			buildSettings = {
				ASSETCATALOG_COMPILER_APPICON_NAME = AppIcon;
				ASSETCATALOG_COMPILER_GLOBAL_ACCENT_COLOR_NAME = AccentColor;
				CODE_SIGN_STYLE = Automatic;
				CURRENT_PROJECT_VERSION = 1;
				DEVELOPMENT_ASSET_PATHS = "";
				DEVELOPMENT_TEAM = DW8PG2JYW5;
				ENABLE_PREVIEWS = YES;
				GENERATE_INFOPLIST_FILE = YES;
				INFOPLIST_KEY_UIApplicationSceneManifest_Generation = YES;
				INFOPLIST_KEY_UIApplicationSupportsIndirectInputEvents = YES;
				INFOPLIST_KEY_UILaunchScreen_Generation = YES;
				INFOPLIST_KEY_UISupportedInterfaceOrientations_iPad = "UIInterfaceOrientationPortrait UIInterfaceOrientationPortraitUpsideDown UIInterfaceOrientationLandscapeLeft UIInterfaceOrientationLandscapeRight";
				INFOPLIST_KEY_UISupportedInterfaceOrientations_iPhone = "UIInterfaceOrientationPortrait UIInterfaceOrientationLandscapeLeft UIInterfaceOrientationLandscapeRight";
				LD_RUNPATH_SEARCH_PATHS = (
					"$(inherited)",
					"@executable_path/Frameworks",
				);
				MARKETING_VERSION = 0.0.1;
				PRODUCT_BUNDLE_IDENTIFIER = com.brianchang.Teletrix;
				PRODUCT_NAME = "$(TARGET_NAME)";
				SWIFT_EMIT_LOC_STRINGS = YES;
				SWIFT_VERSION = 5.0;
				TARGETED_DEVICE_FAMILY = "1,2";
			};
			name = Release;
		};
/* End XCBuildConfiguration section */

/* Begin XCConfigurationList section */
		D3A166392A4F135800B47BBF /* Build configuration list for PBXProject "Teletrix" */ = {
			isa = XCConfigurationList;
			buildConfigurations = (
				D3A1664A2A4F135A00B47BBF /* Debug */,
				D3A1664B2A4F135A00B47BBF /* Release */,
			);
			defaultConfigurationIsVisible = 0;
			defaultConfigurationName = Release;
		};
		D3A1664C2A4F135A00B47BBF /* Build configuration list for PBXNativeTarget "Teletrix" */ = {
			isa = XCConfigurationList;
			buildConfigurations = (
				D3A1664D2A4F135A00B47BBF /* Debug */,
				D3A1664E2A4F135A00B47BBF /* Release */,
			);
			defaultConfigurationIsVisible = 0;
			defaultConfigurationName = Release;
		};
/* End XCConfigurationList section */

/* Begin XCRemoteSwiftPackageReference section */
		D3A1664F2A4F143700B47BBF /* XCRemoteSwiftPackageReference "matrix-rust-components-swift" */ = {
			isa = XCRemoteSwiftPackageReference;
			repositoryURL = "https://github.com/matrix-org/matrix-rust-components-swift";
			requirement = {
				branch = main;
				kind = branch;
			};
		};
		D3BC06992A50618F004F2C43 /* XCRemoteSwiftPackageReference "KeychainAccess" */ = {
			isa = XCRemoteSwiftPackageReference;
			repositoryURL = "https://github.com/kishikawakatsumi/KeychainAccess";
			requirement = {
				kind = upToNextMajorVersion;
				minimumVersion = 4.0.0;
			};
		};
/* End XCRemoteSwiftPackageReference section */

/* Begin XCSwiftPackageProductDependency section */
		D3A166502A4F143700B47BBF /* MatrixRustSDK */ = {
			isa = XCSwiftPackageProductDependency;
			package = D3A1664F2A4F143700B47BBF /* XCRemoteSwiftPackageReference "matrix-rust-components-swift" */;
			productName = MatrixRustSDK;
		};
		D3BC069A2A50618F004F2C43 /* KeychainAccess */ = {
			isa = XCSwiftPackageProductDependency;
			package = D3BC06992A50618F004F2C43 /* XCRemoteSwiftPackageReference "KeychainAccess" */;
			productName = KeychainAccess;
		};
/* End XCSwiftPackageProductDependency section */
	};
	rootObject = D3A166362A4F135800B47BBF /* Project object */;
}
